
Microsoft Visual Studio Solution File, Format Version 12.00
# Visual Studio 14
VisualStudioVersion = 14.0.25420.1
MinimumVisualStudioVersion = 10.0.40219.1
Project("{FAE04EC0-301F-11D3-BF4B-00C04F79EFBC}") = "XenexDemo", "XenexDemo\XenexDemo.csproj", "{268AD903-B543-4E56-ABB3-6F45D1A00154}"
EndProject
Project("{FAE04EC0-301F-11D3-BF4B-00C04F79EFBC}") = "XenexDemoPrint", "XenexDemoPrint\XenexDemoPrint.csproj", "{233CE318-920A-4830-8313-4B550DC66169}"
EndProject
Project("{FAE04EC0-301F-11D3-BF4B-00C04F79EFBC}") = "XenexDemoTest", "XenexDemoTest\XenexDemoTest.csproj", "{5CCA093F-1784-4686-87D8-2179A54715A1}"
EndProject
Global
	GlobalSection(SolutionConfigurationPlatforms) = preSolution
		Debug|Any CPU = Debug|Any CPU
		Debug|ARM = Debug|ARM
		Debug|x64 = Debug|x64
		Debug|x86 = Debug|x86
		Release|Any CPU = Release|Any CPU
		Release|ARM = Release|ARM
		Release|x64 = Release|x64
		Release|x86 = Release|x86
	EndGlobalSection
	GlobalSection(ProjectConfigurationPlatforms) = postSolution
		{268AD903-B543-4E56-ABB3-6F45D1A00154}.Debug|Any CPU.ActiveCfg = Debug|Any CPU
		{268AD903-B543-4E56-ABB3-6F45D1A00154}.Debug|Any CPU.Build.0 = Debug|Any CPU
		{268AD903-B543-4E56-ABB3-6F45D1A00154}.Debug|ARM.ActiveCfg = Debug|Any CPU
		{268AD903-B543-4E56-ABB3-6F45D1A00154}.Debug|ARM.Build.0 = Debug|Any CPU
		{268AD903-B543-4E56-ABB3-6F45D1A00154}.Debug|x64.ActiveCfg = Debug|Any CPU
		{268AD903-B543-4E56-ABB3-6F45D1A00154}.Debug|x64.Build.0 = Debug|Any CPU
		{268AD903-B543-4E56-ABB3-6F45D1A00154}.Debug|x86.ActiveCfg = Debug|Any CPU
		{268AD903-B543-4E56-ABB3-6F45D1A00154}.Debug|x86.Build.0 = Debug|Any CPU
		{268AD903-B543-4E56-ABB3-6F45D1A00154}.Release|Any CPU.ActiveCfg = Release|Any CPU
		{268AD903-B543-4E56-ABB3-6F45D1A00154}.Release|Any CPU.Build.0 = Release|Any CPU
		{268AD903-B543-4E56-ABB3-6F45D1A00154}.Release|ARM.ActiveCfg = Release|Any CPU
		{268AD903-B543-4E56-ABB3-6F45D1A00154}.Release|ARM.Build.0 = Release|Any CPU
		{268AD903-B543-4E56-ABB3-6F45D1A00154}.Release|x64.ActiveCfg = Release|Any CPU
		{268AD903-B543-4E56-ABB3-6F45D1A00154}.Release|x64.Build.0 = Release|Any CPU
		{268AD903-B543-4E56-ABB3-6F45D1A00154}.Release|x86.ActiveCfg = Release|Any CPU
		{268AD903-B543-4E56-ABB3-6F45D1A00154}.Release|x86.Build.0 = Release|Any CPU
		{233CE318-920A-4830-8313-4B550DC66169}.Debug|Any CPU.ActiveCfg = Debug|Any CPU
		{233CE318-920A-4830-8313-4B550DC66169}.Debug|Any CPU.Build.0 = Debug|Any CPU
		{233CE318-920A-4830-8313-4B550DC66169}.Debug|ARM.ActiveCfg = Debug|Any CPU
		{233CE318-920A-4830-8313-4B550DC66169}.Debug|ARM.Build.0 = Debug|Any CPU
		{233CE318-920A-4830-8313-4B550DC66169}.Debug|x64.ActiveCfg = Debug|Any CPU
		{233CE318-920A-4830-8313-4B550DC66169}.Debug|x64.Build.0 = Debug|Any CPU
		{233CE318-920A-4830-8313-4B550DC66169}.Debug|x86.ActiveCfg = Debug|Any CPU
		{233CE318-920A-4830-8313-4B550DC66169}.Debug|x86.Build.0 = Debug|Any CPU
		{233CE318-920A-4830-8313-4B550DC66169}.Release|Any CPU.ActiveCfg = Release|Any CPU
		{233CE318-920A-4830-8313-4B550DC66169}.Release|Any CPU.Build.0 = Release|Any CPU
		{233CE318-920A-4830-8313-4B550DC66169}.Release|ARM.ActiveCfg = Release|Any CPU
		{233CE318-920A-4830-8313-4B550DC66169}.Release|ARM.Build.0 = Release|Any CPU
		{233CE318-920A-4830-8313-4B550DC66169}.Release|x64.ActiveCfg = Release|Any CPU
		{233CE318-920A-4830-8313-4B550DC66169}.Release|x64.Build.0 = Release|Any CPU
		{233CE318-920A-4830-8313-4B550DC66169}.Release|x86.ActiveCfg = Release|Any CPU
		{233CE318-920A-4830-8313-4B550DC66169}.Release|x86.Build.0 = Release|Any CPU
		{5CCA093F-1784-4686-87D8-2179A54715A1}.Debug|Any CPU.ActiveCfg = Debug|Any CPU
		{5CCA093F-1784-4686-87D8-2179A54715A1}.Debug|Any CPU.Build.0 = Debug|Any CPU
		{5CCA093F-1784-4686-87D8-2179A54715A1}.Debug|ARM.ActiveCfg = Debug|Any CPU
		{5CCA093F-1784-4686-87D8-2179A54715A1}.Debug|ARM.Build.0 = Debug|Any CPU
		{5CCA093F-1784-4686-87D8-2179A54715A1}.Debug|x64.ActiveCfg = Debug|Any CPU
		{5CCA093F-1784-4686-87D8-2179A54715A1}.Debug|x64.Build.0 = Debug|Any CPU
		{5CCA093F-1784-4686-87D8-2179A54715A1}.Debug|x86.ActiveCfg = Debug|Any CPU
		{5CCA093F-1784-4686-87D8-2179A54715A1}.Debug|x86.Build.0 = Debug|Any CPU
		{5CCA093F-1784-4686-87D8-2179A54715A1}.Release|Any CPU.ActiveCfg = Release|Any CPU
		{5CCA093F-1784-4686-87D8-2179A54715A1}.Release|Any CPU.Build.0 = Release|Any CPU
		{5CCA093F-1784-4686-87D8-2179A54715A1}.Release|ARM.ActiveCfg = Release|Any CPU
		{5CCA093F-1784-4686-87D8-2179A54715A1}.Release|ARM.Build.0 = Release|Any CPU
		{5CCA093F-1784-4686-87D8-2179A54715A1}.Release|x64.ActiveCfg = Release|Any CPU
		{5CCA093F-1784-4686-87D8-2179A54715A1}.Release|x64.Build.0 = Release|Any CPU
		{5CCA093F-1784-4686-87D8-2179A54715A1}.Release|x86.ActiveCfg = Release|Any CPU
		{5CCA093F-1784-4686-87D8-2179A54715A1}.Release|x86.Build.0 = Release|Any CPU
	EndGlobalSection
	GlobalSection(SolutionProperties) = preSolution
		HideSolutionNode = FALSE
	EndGlobalSection
EndGlobal
